
Microsoft Visual Studio Solution File, Format Version 12.00
# Visual Studio Version 17
VisualStudioVersion = 17.14.37301.10 d17.14
MinimumVisualStudioVersion = 10.0.40219.1
Project("{FAE04EC0-301F-11D3-BF4B-00C04F79EFBC}") = "YourMatter", "YourMatter\YourMatter.csproj", "{B588770E-BBEC-48B2-83C8-116F0CFAB63D}"
EndProject
Global
	GlobalSection(SolutionConfigurationPlatforms) = preSolution
		Debug|Any CPU = Debug|Any CPU
		Release|Any CPU = Release|Any CPU
	EndGlobalSection
	GlobalSection(ProjectConfigurationPlatforms) = postSolution
		{B588770E-BBEC-48B2-83C8-116F0CFAB63D}.Debug|Any CPU.ActiveCfg = Debug|Any CPU
		{B588770E-BBEC-48B2-83C8-116F0CFAB63D}.Debug|Any CPU.Build.0 = Debug|Any CPU
		{B588770E-BBEC-48B2-83C8-116F0CFAB63D}.Release|Any CPU.ActiveCfg = Release|Any CPU
		{B588770E-BBEC-48B2-83C8-116F0CFAB63D}.Release|Any CPU.Build.0 = Release|Any CPU
	EndGlobalSection
	GlobalSection(SolutionProperties) = preSolution
		HideSolutionNode = FALSE
	EndGlobalSection
	GlobalSection(ExtensibilityGlobals) = postSolution
		SolutionGuid = {46CD4A28-AB6F-4A13-90C7-B040644C386D}
	EndGlobalSection
EndGlobal
